
Microsoft Visual Studio Solution File, Format Version 12.00
# Visual Studio 2012
Project("{8BC9CEB8-8B4A-11D0-8D11-00A0C91BC942}") = "LibLinear", "packages\LibLinear\LibLinear.vcxproj", "{3E9652B1-9B90-48A3-9ABA-1C33D67BFDF3}"
	ProjectSection(ProjectDependencies) = postProject
		{6D946FF6-F8BA-4A17-AFA4-3925BE3A999E} = {6D946FF6-F8BA-4A17-AFA4-3925BE3A999E}
	EndProjectSection
EndProject
Project("{8BC9CEB8-8B4A-11D0-8D11-00A0C91BC942}") = "Blas", "packages\Blas\Blas.vcxproj", "{6D946FF6-F8BA-4A17-AFA4-3925BE3A999E}"
EndProject
Project("{8BC9CEB8-8B4A-11D0-8D11-00A0C91BC942}") = "RoadBumpDetection", "RoadBumpDetection\RoadBumpDetection.vcxproj", "{2ADC3D67-A441-4FBB-A100-4F5EBF5E8A9A}"
	ProjectSection(ProjectDependencies) = postProject
		{F02256AC-83DE-4644-BA3B-C8A664841CC4} = {F02256AC-83DE-4644-BA3B-C8A664841CC4}
	EndProjectSection
EndProject
Project("{8BC9CEB8-8B4A-11D0-8D11-00A0C91BC942}") = "ObjectRecognition", "ObjectRecognition\ObjectRecognition.vcxproj", "{077BC5D5-3C9C-4EB2-848F-A4F09380D2D9}"
	ProjectSection(ProjectDependencies) = postProject
		{F02256AC-83DE-4644-BA3B-C8A664841CC4} = {F02256AC-83DE-4644-BA3B-C8A664841CC4}
	EndProjectSection
EndProject
Project("{8BC9CEB8-8B4A-11D0-8D11-00A0C91BC942}") = "RobudeidLib", "RobudeidLib\RobudeidLib.vcxproj", "{F02256AC-83DE-4644-BA3B-C8A664841CC4}"
	ProjectSection(ProjectDependencies) = postProject
		{3E9652B1-9B90-48A3-9ABA-1C33D67BFDF3} = {3E9652B1-9B90-48A3-9ABA-1C33D67BFDF3}
	EndProjectSection
EndProject
Project("{2150E333-8FDC-42A3-9474-1A3956D46DE8}") = "Experiment", "Experiment", "{D667CF81-8E5B-434F-A2F7-78C712A0E0A8}"
EndProject
Project("{2150E333-8FDC-42A3-9474-1A3956D46DE8}") = "Packages", "Packages", "{D16D4CBC-0745-49B5-BE78-A08F324C21C8}"
EndProject
Project("{8BC9CEB8-8B4A-11D0-8D11-00A0C91BC942}") = "GetTrainingImg", "Experiment\GetTrainingImg\GetTrainingImg.vcxproj", "{99F7B49B-C226-470D-B17A-7207A2DD786A}"
	ProjectSection(ProjectDependencies) = postProject
		{F02256AC-83DE-4644-BA3B-C8A664841CC4} = {F02256AC-83DE-4644-BA3B-C8A664841CC4}
	EndProjectSection
EndProject
Project("{8BC9CEB8-8B4A-11D0-8D11-00A0C91BC942}") = "TrainBow", "Experiment\TrainBow\TrainBow.vcxproj", "{188BB352-3B93-4A5C-9B28-09DBC705D371}"
EndProject
Project("{8BC9CEB8-8B4A-11D0-8D11-00A0C91BC942}") = "TrainSVM", "Experiment\TrainSVM\TrainSVM.vcxproj", "{7DDF404D-F363-4A5C-A81F-6EB55BF1A5DB}"
EndProject
Global
	GlobalSection(SolutionConfigurationPlatforms) = preSolution
		Debug|Win32 = Debug|Win32
		Release|Win32 = Release|Win32
	EndGlobalSection
	GlobalSection(ProjectConfigurationPlatforms) = postSolution
		{3E9652B1-9B90-48A3-9ABA-1C33D67BFDF3}.Debug|Win32.ActiveCfg = Debug|Win32
		{3E9652B1-9B90-48A3-9ABA-1C33D67BFDF3}.Debug|Win32.Build.0 = Debug|Win32
		{3E9652B1-9B90-48A3-9ABA-1C33D67BFDF3}.Release|Win32.ActiveCfg = Release|Win32
		{3E9652B1-9B90-48A3-9ABA-1C33D67BFDF3}.Release|Win32.Build.0 = Release|Win32
		{6D946FF6-F8BA-4A17-AFA4-3925BE3A999E}.Debug|Win32.ActiveCfg = Debug|Win32
		{6D946FF6-F8BA-4A17-AFA4-3925BE3A999E}.Debug|Win32.Build.0 = Debug|Win32
		{6D946FF6-F8BA-4A17-AFA4-3925BE3A999E}.Release|Win32.ActiveCfg = Release|Win32
		{6D946FF6-F8BA-4A17-AFA4-3925BE3A999E}.Release|Win32.Build.0 = Release|Win32
		{2ADC3D67-A441-4FBB-A100-4F5EBF5E8A9A}.Debug|Win32.ActiveCfg = Debug|Win32
		{2ADC3D67-A441-4FBB-A100-4F5EBF5E8A9A}.Debug|Win32.Build.0 = Debug|Win32
		{2ADC3D67-A441-4FBB-A100-4F5EBF5E8A9A}.Release|Win32.ActiveCfg = Release|Win32
		{2ADC3D67-A441-4FBB-A100-4F5EBF5E8A9A}.Release|Win32.Build.0 = Release|Win32
		{077BC5D5-3C9C-4EB2-848F-A4F09380D2D9}.Debug|Win32.ActiveCfg = Debug|Win32
		{077BC5D5-3C9C-4EB2-848F-A4F09380D2D9}.Debug|Win32.Build.0 = Debug|Win32
		{077BC5D5-3C9C-4EB2-848F-A4F09380D2D9}.Release|Win32.ActiveCfg = Release|Win32
		{077BC5D5-3C9C-4EB2-848F-A4F09380D2D9}.Release|Win32.Build.0 = Release|Win32
		{F02256AC-83DE-4644-BA3B-C8A664841CC4}.Debug|Win32.ActiveCfg = Debug|Win32
		{F02256AC-83DE-4644-BA3B-C8A664841CC4}.Debug|Win32.Build.0 = Debug|Win32
		{F02256AC-83DE-4644-BA3B-C8A664841CC4}.Release|Win32.ActiveCfg = Release|Win32
		{F02256AC-83DE-4644-BA3B-C8A664841CC4}.Release|Win32.Build.0 = Release|Win32
		{99F7B49B-C226-470D-B17A-7207A2DD786A}.Debug|Win32.ActiveCfg = Debug|Win32
		{99F7B49B-C226-470D-B17A-7207A2DD786A}.Debug|Win32.Build.0 = Debug|Win32
		{99F7B49B-C226-470D-B17A-7207A2DD786A}.Release|Win32.ActiveCfg = Release|Win32
		{99F7B49B-C226-470D-B17A-7207A2DD786A}.Release|Win32.Build.0 = Release|Win32
		{188BB352-3B93-4A5C-9B28-09DBC705D371}.Debug|Win32.ActiveCfg = Debug|Win32
		{188BB352-3B93-4A5C-9B28-09DBC705D371}.Debug|Win32.Build.0 = Debug|Win32
		{188BB352-3B93-4A5C-9B28-09DBC705D371}.Release|Win32.ActiveCfg = Release|Win32
		{188BB352-3B93-4A5C-9B28-09DBC705D371}.Release|Win32.Build.0 = Release|Win32
		{7DDF404D-F363-4A5C-A81F-6EB55BF1A5DB}.Debug|Win32.ActiveCfg = Debug|Win32
		{7DDF404D-F363-4A5C-A81F-6EB55BF1A5DB}.Debug|Win32.Build.0 = Debug|Win32
		{7DDF404D-F363-4A5C-A81F-6EB55BF1A5DB}.Release|Win32.ActiveCfg = Release|Win32
		{7DDF404D-F363-4A5C-A81F-6EB55BF1A5DB}.Release|Win32.Build.0 = Release|Win32
	EndGlobalSection
	GlobalSection(SolutionProperties) = preSolution
		HideSolutionNode = FALSE
	EndGlobalSection
	GlobalSection(NestedProjects) = preSolution
		{6D946FF6-F8BA-4A17-AFA4-3925BE3A999E} = {D16D4CBC-0745-49B5-BE78-A08F324C21C8}
		{3E9652B1-9B90-48A3-9ABA-1C33D67BFDF3} = {D16D4CBC-0745-49B5-BE78-A08F324C21C8}
		{99F7B49B-C226-470D-B17A-7207A2DD786A} = {D667CF81-8E5B-434F-A2F7-78C712A0E0A8}
		{188BB352-3B93-4A5C-9B28-09DBC705D371} = {D667CF81-8E5B-434F-A2F7-78C712A0E0A8}
		{7DDF404D-F363-4A5C-A81F-6EB55BF1A5DB} = {D667CF81-8E5B-434F-A2F7-78C712A0E0A8}
	EndGlobalSection
EndGlobal
